// !$*UTF8*$!
{
	archiveVersion = 1;
	classes = {
	};
	objectVersion = 50;
	objects = {

/* Begin PBXBuildFile section */
		AD6C92A0219711440077841C /* AppDelegate.swift in Sources */ = {isa = PBXBuildFile; fileRef = AD6C929F219711440077841C /* AppDelegate.swift */; };
		AD6C92A4219711450077841C /* Assets.xcassets in Resources */ = {isa = PBXBuildFile; fileRef = AD6C92A3219711450077841C /* Assets.xcassets */; };
		AD6C92A7219711450077841C /* Main.storyboard in Resources */ = {isa = PBXBuildFile; fileRef = AD6C92A5219711450077841C /* Main.storyboard */; };
		AD6C92B7219715320077841C /* MathUtils.swift in Sources */ = {isa = PBXBuildFile; fileRef = AD6C92B02197152E0077841C /* MathUtils.swift */; };
		AD6C92B8219715320077841C /* Player.swift in Sources */ = {isa = PBXBuildFile; fileRef = AD6C92B12197152F0077841C /* Player.swift */; };
		AD6C92B9219715320077841C /* Character.swift in Sources */ = {isa = PBXBuildFile; fileRef = AD6C92B2219715300077841C /* Character.swift */; };
		AD6C92BA219715320077841C /* BoundingBox2D.swift in Sources */ = {isa = PBXBuildFile; fileRef = AD6C92B3219715300077841C /* BoundingBox2D.swift */; };
		AD6C92BB219715320077841C /* MetalView.swift in Sources */ = {isa = PBXBuildFile; fileRef = AD6C92B4219715310077841C /* MetalView.swift */; };
		AD6C92BC219715320077841C /* UIManager.swift in Sources */ = {isa = PBXBuildFile; fileRef = AD6C92B5219715310077841C /* UIManager.swift */; };
		AD6C92BD219715320077841C /* Sprite.swift in Sources */ = {isa = PBXBuildFile; fileRef = AD6C92B6219715320077841C /* Sprite.swift */; };
		AD6C92CC2197160D0077841C /* starmanRight1.png in Resources */ = {isa = PBXBuildFile; fileRef = AD6C92BF219716070077841C /* starmanRight1.png */; };
		AD6C92CD2197160D0077841C /* blue.png in Resources */ = {isa = PBXBuildFile; fileRef = AD6C92C0219716070077841C /* blue.png */; };
		AD6C92CE2197160D0077841C /* starmanRight2.png in Resources */ = {isa = PBXBuildFile; fileRef = AD6C92C1219716080077841C /* starmanRight2.png */; };
		AD6C92CF2197160D0077841C /* starmanLeft1.png in Resources */ = {isa = PBXBuildFile; fileRef = AD6C92C2219716080077841C /* starmanLeft1.png */; };
		AD6C92D02197160D0077841C /* metal2.png in Resources */ = {isa = PBXBuildFile; fileRef = AD6C92C3219716090077841C /* metal2.png */; };
		AD6C92D12197160D0077841C /* starmanTopDown.png in Resources */ = {isa = PBXBuildFile; fileRef = AD6C92C4219716090077841C /* starmanTopDown.png */; };
		AD6C92D22197160D0077841C /* starmanTopLeft.png in Resources */ = {isa = PBXBuildFile; fileRef = AD6C92C52197160A0077841C /* starmanTopLeft.png */; };
		AD6C92D32197160D0077841C /* Shaders.metal in Sources */ = {isa = PBXBuildFile; fileRef = AD6C92C62197160B0077841C /* Shaders.metal */; };
		AD6C92D42197160D0077841C /* starmanLeft2.png in Resources */ = {isa = PBXBuildFile; fileRef = AD6C92C72197160B0077841C /* starmanLeft2.png */; };
		AD6C92D52197160D0077841C /* starmanTopRight.png in Resources */ = {isa = PBXBuildFile; fileRef = AD6C92C82197160C0077841C /* starmanTopRight.png */; };
		AD6C92D62197160D0077841C /* starmanTopUp.png in Resources */ = {isa = PBXBuildFile; fileRef = AD6C92C92197160C0077841C /* starmanTopUp.png */; };
		AD6C92D72197160D0077841C /* swift.png in Resources */ = {isa = PBXBuildFile; fileRef = AD6C92CA2197160D0077841C /* swift.png */; };
		AD6C92D82197160D0077841C /* metal.png in Resources */ = {isa = PBXBuildFile; fileRef = AD6C92CB2197160D0077841C /* metal.png */; };
		AD6C92DA219716390077841C /* Animation.swift in Sources */ = {isa = PBXBuildFile; fileRef = AD6C92D9219716390077841C /* Animation.swift */; };
		AD6C92DC21973B9C0077841C /* Renderer.swift in Sources */ = {isa = PBXBuildFile; fileRef = AD6C92DB21973B9C0077841C /* Renderer.swift */; };
/* End PBXBuildFile section */

/* Begin PBXFileReference section */
		AD6C929C219711440077841C /* MetalEngine.app */ = {isa = PBXFileReference; explicitFileType = wrapper.application; includeInIndex = 0; path = MetalEngine.app; sourceTree = BUILT_PRODUCTS_DIR; };
		AD6C929F219711440077841C /* AppDelegate.swift */ = {isa = PBXFileReference; lastKnownFileType = sourcecode.swift; path = AppDelegate.swift; sourceTree = "<group>"; };
		AD6C92A3219711450077841C /* Assets.xcassets */ = {isa = PBXFileReference; lastKnownFileType = folder.assetcatalog; path = Assets.xcassets; sourceTree = "<group>"; };
		AD6C92A6219711450077841C /* Base */ = {isa = PBXFileReference; lastKnownFileType = file.storyboard; name = Base; path = Base.lproj/Main.storyboard; sourceTree = "<group>"; };
		AD6C92A8219711450077841C /* Info.plist */ = {isa = PBXFileReference; lastKnownFileType = text.plist.xml; path = Info.plist; sourceTree = "<group>"; };
		AD6C92A9219711450077841C /* MetalEngine.entitlements */ = {isa = PBXFileReference; lastKnownFileType = text.plist.entitlements; path = MetalEngine.entitlements; sourceTree = "<group>"; };
		AD6C92B02197152E0077841C /* MathUtils.swift */ = {isa = PBXFileReference; fileEncoding = 4; lastKnownFileType = sourcecode.swift; path = MathUtils.swift; sourceTree = "<group>"; };
		AD6C92B12197152F0077841C /* Player.swift */ = {isa = PBXFileReference; fileEncoding = 4; lastKnownFileType = sourcecode.swift; path = Player.swift; sourceTree = "<group>"; };
		AD6C92B2219715300077841C /* Character.swift */ = {isa = PBXFileReference; fileEncoding = 4; lastKnownFileType = sourcecode.swift; path = Character.swift; sourceTree = "<group>"; };
		AD6C92B3219715300077841C /* BoundingBox2D.swift */ = {isa = PBXFileReference; fileEncoding = 4; lastKnownFileType = sourcecode.swift; path = BoundingBox2D.swift; sourceTree = "<group>"; };
		AD6C92B4219715310077841C /* MetalView.swift */ = {isa = PBXFileReference; fileEncoding = 4; lastKnownFileType = sourcecode.swift; path = MetalView.swift; sourceTree = "<group>"; };
		AD6C92B5219715310077841C /* UIManager.swift */ = {isa = PBXFileReference; fileEncoding = 4; lastKnownFileType = sourcecode.swift; path = UIManager.swift; sourceTree = "<group>"; };
		AD6C92B6219715320077841C /* Sprite.swift */ = {isa = PBXFileReference; fileEncoding = 4; lastKnownFileType = sourcecode.swift; path = Sprite.swift; sourceTree = "<group>"; };
		AD6C92BF219716070077841C /* starmanRight1.png */ = {isa = PBXFileReference; lastKnownFileType = image.png; path = starmanRight1.png; sourceTree = "<group>"; };
		AD6C92C0219716070077841C /* blue.png */ = {isa = PBXFileReference; lastKnownFileType = image.png; path = blue.png; sourceTree = "<group>"; };
		AD6C92C1219716080077841C /* starmanRight2.png */ = {isa = PBXFileReference; lastKnownFileType = image.png; path = starmanRight2.png; sourceTree = "<group>"; };
		AD6C92C2219716080077841C /* starmanLeft1.png */ = {isa = PBXFileReference; lastKnownFileType = image.png; path = starmanLeft1.png; sourceTree = "<group>"; };
		AD6C92C3219716090077841C /* metal2.png */ = {isa = PBXFileReference; lastKnownFileType = image.png; path = metal2.png; sourceTree = "<group>"; };
		AD6C92C4219716090077841C /* starmanTopDown.png */ = {isa = PBXFileReference; lastKnownFileType = image.png; path = starmanTopDown.png; sourceTree = "<group>"; };
		AD6C92C52197160A0077841C /* starmanTopLeft.png */ = {isa = PBXFileReference; lastKnownFileType = image.png; path = starmanTopLeft.png; sourceTree = "<group>"; };
		AD6C92C62197160B0077841C /* Shaders.metal */ = {isa = PBXFileReference; fileEncoding = 4; lastKnownFileType = sourcecode.metal; path = Shaders.metal; sourceTree = "<group>"; };
		AD6C92C72197160B0077841C /* starmanLeft2.png */ = {isa = PBXFileReference; lastKnownFileType = image.png; path = starmanLeft2.png; sourceTree = "<group>"; };
		AD6C92C82197160C0077841C /* starmanTopRight.png */ = {isa = PBXFileReference; lastKnownFileType = image.png; path = starmanTopRight.png; sourceTree = "<group>"; };
		AD6C92C92197160C0077841C /* starmanTopUp.png */ = {isa = PBXFileReference; lastKnownFileType = image.png; path = starmanTopUp.png; sourceTree = "<group>"; };
		AD6C92CA2197160D0077841C /* swift.png */ = {isa = PBXFileReference; lastKnownFileType = image.png; path = swift.png; sourceTree = "<group>"; };
		AD6C92CB2197160D0077841C /* metal.png */ = {isa = PBXFileReference; lastKnownFileType = image.png; path = metal.png; sourceTree = "<group>"; };
		AD6C92D9219716390077841C /* Animation.swift */ = {isa = PBXFileReference; fileEncoding = 4; lastKnownFileType = sourcecode.swift; path = Animation.swift; sourceTree = "<group>"; };
		AD6C92DB21973B9C0077841C /* Renderer.swift */ = {isa = PBXFileReference; lastKnownFileType = sourcecode.swift; path = Renderer.swift; sourceTree = "<group>"; };
/* End PBXFileReference section */

/* Begin PBXFrameworksBuildPhase section */
		AD6C9299219711440077841C /* Frameworks */ = {
			isa = PBXFrameworksBuildPhase;
			buildActionMask = 2147483647;
			files = (
			);
			runOnlyForDeploymentPostprocessing = 0;
		};
/* End PBXFrameworksBuildPhase section */

/* Begin PBXGroup section */
		AD6C9293219711440077841C = {
			isa = PBXGroup;
			children = (
				AD6C929E219711440077841C /* MetalEngine */,
				AD6C929D219711440077841C /* Products */,
			);
			sourceTree = "<group>";
		};
		AD6C929D219711440077841C /* Products */ = {
			isa = PBXGroup;
			children = (
				AD6C929C219711440077841C /* MetalEngine.app */,
			);
			name = Products;
			sourceTree = "<group>";
		};
		AD6C929E219711440077841C /* MetalEngine */ = {
			isa = PBXGroup;
			children = (
				AD6C92AF2197150F0077841C /* Sources */,
				AD6C92BE219715F10077841C /* Resources */,
				AD6C92A3219711450077841C /* Assets.xcassets */,
				AD6C92A5219711450077841C /* Main.storyboard */,
				AD6C92A8219711450077841C /* Info.plist */,
				AD6C92A9219711450077841C /* MetalEngine.entitlements */,
			);
			path = MetalEngine;
			sourceTree = "<group>";
		};
		AD6C92AF2197150F0077841C /* Sources */ = {
			isa = PBXGroup;
			children = (
				AD6C929F219711440077841C /* AppDelegate.swift */,
				AD6C92B4219715310077841C /* MetalView.swift */,
				AD6C92DB21973B9C0077841C /* Renderer.swift */,
				AD6C92D9219716390077841C /* Animation.swift */,
				AD6C92B5219715310077841C /* UIManager.swift */,
				AD6C92B3219715300077841C /* BoundingBox2D.swift */,
				AD6C92B2219715300077841C /* Character.swift */,
				AD6C92B12197152F0077841C /* Player.swift */,
				AD6C92B6219715320077841C /* Sprite.swift */,
				AD6C92B02197152E0077841C /* MathUtils.swift */,
				AD6C92C62197160B0077841C /* Shaders.metal */,
			);
			path = Sources;
			sourceTree = "<group>";
		};
		AD6C92BE219715F10077841C /* Resources */ = {
			isa = PBXGroup;
			children = (
				AD6C92C0219716070077841C /* blue.png */,
				AD6C92CB2197160D0077841C /* metal.png */,
				AD6C92C3219716090077841C /* metal2.png */,
				AD6C92C2219716080077841C /* starmanLeft1.png */,
				AD6C92C72197160B0077841C /* starmanLeft2.png */,
				AD6C92BF219716070077841C /* starmanRight1.png */,
				AD6C92C1219716080077841C /* starmanRight2.png */,
				AD6C92C4219716090077841C /* starmanTopDown.png */,
				AD6C92C52197160A0077841C /* starmanTopLeft.png */,
				AD6C92C82197160C0077841C /* starmanTopRight.png */,
				AD6C92C92197160C0077841C /* starmanTopUp.png */,
				AD6C92CA2197160D0077841C /* swift.png */,
			);
			path = Resources;
			sourceTree = "<group>";
		};
/* End PBXGroup section */

/* Begin PBXNativeTarget section */
		AD6C929B219711440077841C /* MetalEngine */ = {
			isa = PBXNativeTarget;
			buildConfigurationList = AD6C92AC219711450077841C /* Build configuration list for PBXNativeTarget "MetalEngine" */;
			buildPhases = (
				AD6C9298219711440077841C /* Sources */,
				AD6C9299219711440077841C /* Frameworks */,
				AD6C929A219711440077841C /* Resources */,
			);
			buildRules = (
			);
			dependencies = (
			);
			name = MetalEngine;
			productName = MetalEngine;
			productReference = AD6C929C219711440077841C /* MetalEngine.app */;
			productType = "com.apple.product-type.application";
		};
/* End PBXNativeTarget section */

/* Begin PBXProject section */
		AD6C9294219711440077841C /* Project object */ = {
			isa = PBXProject;
			attributes = {
				LastSwiftUpdateCheck = 1010;
				LastUpgradeCheck = 1010;
				ORGANIZATIONNAME = "Company At The End Of The Universe";
				TargetAttributes = {
					AD6C929B219711440077841C = {
						CreatedOnToolsVersion = 10.1;
					};
				};
			};
			buildConfigurationList = AD6C9297219711440077841C /* Build configuration list for PBXProject "MetalEngine" */;
			compatibilityVersion = "Xcode 9.3";
			developmentRegion = en;
			hasScannedForEncodings = 0;
			knownRegions = (
				en,
				Base,
			);
			mainGroup = AD6C9293219711440077841C;
			productRefGroup = AD6C929D219711440077841C /* Products */;
			projectDirPath = "";
			projectRoot = "";
			targets = (
				AD6C929B219711440077841C /* MetalEngine */,
			);
		};
/* End PBXProject section */

/* Begin PBXResourcesBuildPhase section */
		AD6C929A219711440077841C /* Resources */ = {
			isa = PBXResourcesBuildPhase;
			buildActionMask = 2147483647;
			files = (
				AD6C92D42197160D0077841C /* starmanLeft2.png in Resources */,
				AD6C92D62197160D0077841C /* starmanTopUp.png in Resources */,
				AD6C92D72197160D0077841C /* swift.png in Resources */,
				AD6C92CE2197160D0077841C /* starmanRight2.png in Resources */,
				AD6C92CF2197160D0077841C /* starmanLeft1.png in Resources */,
				AD6C92D02197160D0077841C /* metal2.png in Resources */,
				AD6C92A4219711450077841C /* Assets.xcassets in Resources */,
				AD6C92D82197160D0077841C /* metal.png in Resources */,
				AD6C92CC2197160D0077841C /* starmanRight1.png in Resources */,
				AD6C92A7219711450077841C /* Main.storyboard in Resources */,
				AD6C92D12197160D0077841C /* starmanTopDown.png in Resources */,
				AD6C92CD2197160D0077841C /* blue.png in Resources */,
				AD6C92D52197160D0077841C /* starmanTopRight.png in Resources */,
				AD6C92D22197160D0077841C /* starmanTopLeft.png in Resources */,
			);
			runOnlyForDeploymentPostprocessing = 0;
		};
/* End PBXResourcesBuildPhase section */

/* Begin PBXSourcesBuildPhase section */
		AD6C9298219711440077841C /* Sources */ = {
			isa = PBXSourcesBuildPhase;
			buildActionMask = 2147483647;
			files = (
				AD6C92BC219715320077841C /* UIManager.swift in Sources */,
				AD6C92BB219715320077841C /* MetalView.swift in Sources */,
				AD6C92A0219711440077841C /* AppDelegate.swift in Sources */,
				AD6C92B8219715320077841C /* Player.swift in Sources */,
				AD6C92DC21973B9C0077841C /* Renderer.swift in Sources */,
				AD6C92B7219715320077841C /* MathUtils.swift in Sources */,
				AD6C92BA219715320077841C /* BoundingBox2D.swift in Sources */,
				AD6C92D32197160D0077841C /* Shaders.metal in Sources */,
				AD6C92BD219715320077841C /* Sprite.swift in Sources */,
				AD6C92DA219716390077841C /* Animation.swift in Sources */,
				AD6C92B9219715320077841C /* Character.swift in Sources */,
			);
			runOnlyForDeploymentPostprocessing = 0;
		};
/* End PBXSourcesBuildPhase section */

/* Begin PBXVariantGroup section */
		AD6C92A5219711450077841C /* Main.storyboard */ = {
			isa = PBXVariantGroup;
			children = (
				AD6C92A6219711450077841C /* Base */,
			);
			name = Main.storyboard;
			sourceTree = "<group>";
		};
/* End PBXVariantGroup section */

/* Begin XCBuildConfiguration section */
		AD6C92AA219711450077841C /* Debug */ = {
			isa = XCBuildConfiguration;
			buildSettings = {
				ALWAYS_SEARCH_USER_PATHS = NO;
				CLANG_ANALYZER_NONNULL = YES;
				CLANG_ANALYZER_NUMBER_OBJECT_CONVERSION = YES_AGGRESSIVE;
				CLANG_CXX_LANGUAGE_STANDARD = "gnu++14";
				CLANG_CXX_LIBRARY = "libc++";
				CLANG_ENABLE_MODULES = YES;
				CLANG_ENABLE_OBJC_ARC = YES;
				CLANG_ENABLE_OBJC_WEAK = YES;
				CLANG_WARN_BLOCK_CAPTURE_AUTORELEASING = YES;
				CLANG_WARN_BOOL_CONVERSION = YES;
				CLANG_WARN_COMMA = YES;
				CLANG_WARN_CONSTANT_CONVERSION = YES;
				CLANG_WARN_DEPRECATED_OBJC_IMPLEMENTATIONS = YES;
				CLANG_WARN_DIRECT_OBJC_ISA_USAGE = YES_ERROR;
				CLANG_WARN_DOCUMENTATION_COMMENTS = YES;
				CLANG_WARN_EMPTY_BODY = YES;
				CLANG_WARN_ENUM_CONVERSION = YES;
				CLANG_WARN_INFINITE_RECURSION = YES;
				CLANG_WARN_INT_CONVERSION = YES;
				CLANG_WARN_NON_LITERAL_NULL_CONVERSION = YES;
				CLANG_WARN_OBJC_IMPLICIT_RETAIN_SELF = YES;
				CLANG_WARN_OBJC_LITERAL_CONVERSION = YES;
				CLANG_WARN_OBJC_ROOT_CLASS = YES_ERROR;
				CLANG_WARN_RANGE_LOOP_ANALYSIS = YES;
				CLANG_WARN_STRICT_PROTOTYPES = YES;
				CLANG_WARN_SUSPICIOUS_MOVE = YES;
				CLANG_WARN_UNGUARDED_AVAILABILITY = YES_AGGRESSIVE;
				CLANG_WARN_UNREACHABLE_CODE = YES;
				CLANG_WARN__DUPLICATE_METHOD_MATCH = YES;
				CODE_SIGN_IDENTITY = "-";
				COPY_PHASE_STRIP = NO;
				DEBUG_INFORMATION_FORMAT = dwarf;
				ENABLE_STRICT_OBJC_MSGSEND = YES;
				ENABLE_TESTABILITY = YES;
				GCC_C_LANGUAGE_STANDARD = gnu11;
				GCC_DYNAMIC_NO_PIC = NO;
				GCC_NO_COMMON_BLOCKS = YES;
				GCC_OPTIMIZATION_LEVEL = 0;
				GCC_PREPROCESSOR_DEFINITIONS = (
					"DEBUG=1",
					"$(inherited)",
				);
				GCC_WARN_64_TO_32_BIT_CONVERSION = YES;
				GCC_WARN_ABOUT_RETURN_TYPE = YES_ERROR;
				GCC_WARN_UNDECLARED_SELECTOR = YES;
				GCC_WARN_UNINITIALIZED_AUTOS = YES_AGGRESSIVE;
				GCC_WARN_UNUSED_FUNCTION = YES;
				GCC_WARN_UNUSED_VARIABLE = YES;
				MACOSX_DEPLOYMENT_TARGET = 10.14;
				MTL_ENABLE_DEBUG_INFO = INCLUDE_SOURCE;
				MTL_FAST_MATH = YES;
				ONLY_ACTIVE_ARCH = YES;
				SDKROOT = macosx;
				SWIFT_ACTIVE_COMPILATION_CONDITIONS = DEBUG;
				SWIFT_OPTIMIZATION_LEVEL = "-Onone";
			};
			name = Debug;
		};
		AD6C92AB219711450077841C /* Release */ = {
			isa = XCBuildConfiguration;
			buildSettings = {
				ALWAYS_SEARCH_USER_PATHS = NO;
				CLANG_ANALYZER_NONNULL = YES;
				CLANG_ANALYZER_NUMBER_OBJECT_CONVERSION = YES_AGGRESSIVE;
				CLANG_CXX_LANGUAGE_STANDARD = "gnu++14";
				CLANG_CXX_LIBRARY = "libc++";
				CLANG_ENABLE_MODULES = YES;
				CLANG_ENABLE_OBJC_ARC = YES;
				CLANG_ENABLE_OBJC_WEAK = YES;
				CLANG_WARN_BLOCK_CAPTURE_AUTORELEASING = YES;
				CLANG_WARN_BOOL_CONVERSION = YES;
				CLANG_WARN_COMMA = YES;
				CLANG_WARN_CONSTANT_CONVERSION = YES;
				CLANG_WARN_DEPRECATED_OBJC_IMPLEMENTATIONS = YES;
				CLANG_WARN_DIRECT_OBJC_ISA_USAGE = YES_ERROR;
				CLANG_WARN_DOCUMENTATION_COMMENTS = YES;
				CLANG_WARN_EMPTY_BODY = YES;
				CLANG_WARN_ENUM_CONVERSION = YES;
				CLANG_WARN_INFINITE_RECURSION = YES;
				CLANG_WARN_INT_CONVERSION = YES;
				CLANG_WARN_NON_LITERAL_NULL_CONVERSION = YES;
				CLANG_WARN_OBJC_IMPLICIT_RETAIN_SELF = YES;
				CLANG_WARN_OBJC_LITERAL_CONVERSION = YES;
				CLANG_WARN_OBJC_ROOT_CLASS = YES_ERROR;
				CLANG_WARN_RANGE_LOOP_ANALYSIS = YES;
				CLANG_WARN_STRICT_PROTOTYPES = YES;
				CLANG_WARN_SUSPICIOUS_MOVE = YES;
				CLANG_WARN_UNGUARDED_AVAILABILITY = YES_AGGRESSIVE;
				CLANG_WARN_UNREACHABLE_CODE = YES;
				CLANG_WARN__DUPLICATE_METHOD_MATCH = YES;
				CODE_SIGN_IDENTITY = "-";
				COPY_PHASE_STRIP = NO;
				DEBUG_INFORMATION_FORMAT = "dwarf-with-dsym";
				ENABLE_NS_ASSERTIONS = NO;
				ENABLE_STRICT_OBJC_MSGSEND = YES;
				GCC_C_LANGUAGE_STANDARD = gnu11;
				GCC_NO_COMMON_BLOCKS = YES;
				GCC_WARN_64_TO_32_BIT_CONVERSION = YES;
				GCC_WARN_ABOUT_RETURN_TYPE = YES_ERROR;
				GCC_WARN_UNDECLARED_SELECTOR = YES;
				GCC_WARN_UNINITIALIZED_AUTOS = YES_AGGRESSIVE;
				GCC_WARN_UNUSED_FUNCTION = YES;
				GCC_WARN_UNUSED_VARIABLE = YES;
				MACOSX_DEPLOYMENT_TARGET = 10.14;
				MTL_ENABLE_DEBUG_INFO = NO;
				MTL_FAST_MATH = YES;
				SDKROOT = macosx;
				SWIFT_COMPILATION_MODE = wholemodule;
				SWIFT_OPTIMIZATION_LEVEL = "-O";
			};
			name = Release;
		};
		AD6C92AD219711450077841C /* Debug */ = {
			isa = XCBuildConfiguration;
			buildSettings = {
				ASSETCATALOG_COMPILER_APPICON_NAME = AppIcon;
				CODE_SIGN_ENTITLEMENTS = MetalEngine/MetalEngine.entitlements;
				CODE_SIGN_STYLE = Automatic;
				COMBINE_HIDPI_IMAGES = YES;
				INFOPLIST_FILE = MetalEngine/Info.plist;
				LD_RUNPATH_SEARCH_PATHS = (
					"$(inherited)",
					"@executable_path/../Frameworks",
				);
				PRODUCT_BUNDLE_IDENTIFIER = orion.MetalEngine;
				PRODUCT_NAME = "$(TARGET_NAME)";
				SWIFT_VERSION = 4.2;
			};
			name = Debug;
		};
		AD6C92AE219711450077841C /* Release */ = {
			isa = XCBuildConfiguration;
			buildSettings = {
				ASSETCATALOG_COMPILER_APPICON_NAME = AppIcon;
				CODE_SIGN_ENTITLEMENTS = MetalEngine/MetalEngine.entitlements;
				CODE_SIGN_STYLE = Automatic;
				COMBINE_HIDPI_IMAGES = YES;
				INFOPLIST_FILE = MetalEngine/Info.plist;
				LD_RUNPATH_SEARCH_PATHS = (
					"$(inherited)",
					"@executable_path/../Frameworks",
				);
				PRODUCT_BUNDLE_IDENTIFIER = orion.MetalEngine;
				PRODUCT_NAME = "$(TARGET_NAME)";
				SWIFT_VERSION = 4.2;
			};
			name = Release;
		};
/* End XCBuildConfiguration section */

/* Begin XCConfigurationList section */
		AD6C9297219711440077841C /* Build configuration list for PBXProject "MetalEngine" */ = {
			isa = XCConfigurationList;
			buildConfigurations = (
				AD6C92AA219711450077841C /* Debug */,
				AD6C92AB219711450077841C /* Release */,
			);
			defaultConfigurationIsVisible = 0;
			defaultConfigurationName = Release;
		};
		AD6C92AC219711450077841C /* Build configuration list for PBXNativeTarget "MetalEngine" */ = {
			isa = XCConfigurationList;
			buildConfigurations = (
				AD6C92AD219711450077841C /* Debug */,
				AD6C92AE219711450077841C /* Release */,
			);
			defaultConfigurationIsVisible = 0;
			defaultConfigurationName = Release;
		};
/* End XCConfigurationList section */
	};
	rootObject = AD6C9294219711440077841C /* Project object */;
}
